
Microsoft Visual Studio Solution File, Format Version 12.00
Project("{2150E333-8FDC-42A3-9474-1A3956D46DE8}") = "src", "src", "{7D0842A7-C515-4EB4-8811-13C7BE7A97AE}"
EndProject
Project("{2150E333-8FDC-42A3-9474-1A3956D46DE8}") = "BuildingBlocks", "BuildingBlocks", "{B577CDEE-25CE-461F-930C-10849AC658A1}"
EndProject
Project("{2150E333-8FDC-42A3-9474-1A3956D46DE8}") = "Services", "Services", "{C6A0FD4D-E81C-40CE-B98F-2B1CC7CBFD8E}"
EndProject
Project("{2150E333-8FDC-42A3-9474-1A3956D46DE8}") = "Web", "Web", "{3769E8E9-9B42-4AC1-9857-36E0994E4CD1}"
EndProject
Project("{2150E333-8FDC-42A3-9474-1A3956D46DE8}") = "Identidade", "Identidade", "{098926FE-C1A5-4DF7-9735-793A30ED941A}"
EndProject
Project("{FAE04EC0-301F-11D3-BF4B-00C04F79EFBC}") = "NSE.Identidade.API", "src\services\NSE.Identidade.API\NSE.Identidade.API.csproj", "{0A7159EE-1EE9-49D3-A422-10CC2DD55819}"
EndProject
Project("{2150E333-8FDC-42A3-9474-1A3956D46DE8}") = "MVC", "MVC", "{E32C07E8-50C2-47D0-9B7D-1A3A451484D0}"
EndProject
Project("{FAE04EC0-301F-11D3-BF4B-00C04F79EFBC}") = "NSE.WebApp.MVC", "src\web\NSE.WebApp.MVC\NSE.WebApp.MVC.csproj", "{5FA651C7-5591-4B9B-9C07-19B45288BF8F}"
EndProject
Project("{2150E333-8FDC-42A3-9474-1A3956D46DE8}") = "Core", "Core", "{51CC9BD5-186C-4526-9808-EB9C1DC76AB9}"
EndProject
Project("{FAE04EC0-301F-11D3-BF4B-00C04F79EFBC}") = "NSE.Core", "src\building_blocks\NSE.Core\NSE.Core.csproj", "{5E4CBB00-73A6-42DF-9718-5BC906DA5E1C}"
EndProject
Project("{2150E333-8FDC-42A3-9474-1A3956D46DE8}") = "Carrinho", "Carrinho", "{047E0167-03F6-4093-A289-2DE3DE750F22}"
EndProject
Project("{2150E333-8FDC-42A3-9474-1A3956D46DE8}") = "Catalogo", "Catalogo", "{2CC69EE8-DF19-4C6F-A7C7-2256D3BEB3B4}"
EndProject
Project("{2150E333-8FDC-42A3-9474-1A3956D46DE8}") = "Cliente", "Cliente", "{E96B7AF3-F6EC-4571-ACB2-4EC8841FA13A}"
EndProject
Project("{2150E333-8FDC-42A3-9474-1A3956D46DE8}") = "Pagamento", "Pagamento", "{0F0368F9-21EF-41CC-ABCA-2E1766262D70}"
EndProject
Project("{2150E333-8FDC-42A3-9474-1A3956D46DE8}") = "Pedido", "Pedido", "{D03017F1-63D4-4521-A342-7CE9E5B8F219}"
EndProject
Project("{FAE04EC0-301F-11D3-BF4B-00C04F79EFBC}") = "NSE.Carrinho.API", "src\services\NSE.Carrinho.API\NSE.Carrinho.API.csproj", "{CD88C2AF-0AFA-40F8-A424-087E3B7263CB}"
EndProject
Project("{FAE04EC0-301F-11D3-BF4B-00C04F79EFBC}") = "NSE.Catalogo.API", "src\services\NSE.Catalogo.API\NSE.Catalogo.API.csproj", "{B8A65C5D-D608-480E-9D18-B532B0287C4B}"
EndProject
Project("{FAE04EC0-301F-11D3-BF4B-00C04F79EFBC}") = "NSE.Cliente.API", "src\services\NSE.Cliente.API\NSE.Cliente.API.csproj", "{7090180A-FA2D-4E8F-84CD-146F86B98FF3}"
EndProject
Project("{FAE04EC0-301F-11D3-BF4B-00C04F79EFBC}") = "NSE.Pagamento.API", "src\services\NSE.Pagamento.API\NSE.Pagamento.API.csproj", "{C2BC1FB4-AF1A-424B-8BD1-D4C5AB35C4F2}"
EndProject
Project("{FAE04EC0-301F-11D3-BF4B-00C04F79EFBC}") = "NSE.Pedido.API", "src\services\NSE.Pedido.API\NSE.Pedido.API.csproj", "{4F87C336-6666-4A4C-B73D-5B60B9E09FAE}"
EndProject
Global
	GlobalSection(SolutionConfigurationPlatforms) = preSolution
		Debug|Any CPU = Debug|Any CPU
		Release|Any CPU = Release|Any CPU
	EndGlobalSection
	GlobalSection(NestedProjects) = preSolution
		{B577CDEE-25CE-461F-930C-10849AC658A1} = {7D0842A7-C515-4EB4-8811-13C7BE7A97AE}
		{C6A0FD4D-E81C-40CE-B98F-2B1CC7CBFD8E} = {7D0842A7-C515-4EB4-8811-13C7BE7A97AE}
		{3769E8E9-9B42-4AC1-9857-36E0994E4CD1} = {7D0842A7-C515-4EB4-8811-13C7BE7A97AE}
		{098926FE-C1A5-4DF7-9735-793A30ED941A} = {C6A0FD4D-E81C-40CE-B98F-2B1CC7CBFD8E}
		{0A7159EE-1EE9-49D3-A422-10CC2DD55819} = {098926FE-C1A5-4DF7-9735-793A30ED941A}
		{E32C07E8-50C2-47D0-9B7D-1A3A451484D0} = {3769E8E9-9B42-4AC1-9857-36E0994E4CD1}
		{5FA651C7-5591-4B9B-9C07-19B45288BF8F} = {E32C07E8-50C2-47D0-9B7D-1A3A451484D0}
		{51CC9BD5-186C-4526-9808-EB9C1DC76AB9} = {B577CDEE-25CE-461F-930C-10849AC658A1}
		{5E4CBB00-73A6-42DF-9718-5BC906DA5E1C} = {51CC9BD5-186C-4526-9808-EB9C1DC76AB9}
		{047E0167-03F6-4093-A289-2DE3DE750F22} = {C6A0FD4D-E81C-40CE-B98F-2B1CC7CBFD8E}
		{2CC69EE8-DF19-4C6F-A7C7-2256D3BEB3B4} = {C6A0FD4D-E81C-40CE-B98F-2B1CC7CBFD8E}
		{E96B7AF3-F6EC-4571-ACB2-4EC8841FA13A} = {C6A0FD4D-E81C-40CE-B98F-2B1CC7CBFD8E}
		{0F0368F9-21EF-41CC-ABCA-2E1766262D70} = {C6A0FD4D-E81C-40CE-B98F-2B1CC7CBFD8E}
		{D03017F1-63D4-4521-A342-7CE9E5B8F219} = {C6A0FD4D-E81C-40CE-B98F-2B1CC7CBFD8E}
		{CD88C2AF-0AFA-40F8-A424-087E3B7263CB} = {047E0167-03F6-4093-A289-2DE3DE750F22}
		{B8A65C5D-D608-480E-9D18-B532B0287C4B} = {2CC69EE8-DF19-4C6F-A7C7-2256D3BEB3B4}
		{7090180A-FA2D-4E8F-84CD-146F86B98FF3} = {E96B7AF3-F6EC-4571-ACB2-4EC8841FA13A}
		{C2BC1FB4-AF1A-424B-8BD1-D4C5AB35C4F2} = {0F0368F9-21EF-41CC-ABCA-2E1766262D70}
		{4F87C336-6666-4A4C-B73D-5B60B9E09FAE} = {D03017F1-63D4-4521-A342-7CE9E5B8F219}
	EndGlobalSection
	GlobalSection(ProjectConfigurationPlatforms) = postSolution
		{0A7159EE-1EE9-49D3-A422-10CC2DD55819}.Debug|Any CPU.ActiveCfg = Debug|Any CPU
		{0A7159EE-1EE9-49D3-A422-10CC2DD55819}.Debug|Any CPU.Build.0 = Debug|Any CPU
		{0A7159EE-1EE9-49D3-A422-10CC2DD55819}.Release|Any CPU.ActiveCfg = Release|Any CPU
		{0A7159EE-1EE9-49D3-A422-10CC2DD55819}.Release|Any CPU.Build.0 = Release|Any CPU
		{5FA651C7-5591-4B9B-9C07-19B45288BF8F}.Debug|Any CPU.ActiveCfg = Debug|Any CPU
		{5FA651C7-5591-4B9B-9C07-19B45288BF8F}.Debug|Any CPU.Build.0 = Debug|Any CPU
		{5FA651C7-5591-4B9B-9C07-19B45288BF8F}.Release|Any CPU.ActiveCfg = Release|Any CPU
		{5FA651C7-5591-4B9B-9C07-19B45288BF8F}.Release|Any CPU.Build.0 = Release|Any CPU
		{5E4CBB00-73A6-42DF-9718-5BC906DA5E1C}.Debug|Any CPU.ActiveCfg = Debug|Any CPU
		{5E4CBB00-73A6-42DF-9718-5BC906DA5E1C}.Debug|Any CPU.Build.0 = Debug|Any CPU
		{5E4CBB00-73A6-42DF-9718-5BC906DA5E1C}.Release|Any CPU.ActiveCfg = Release|Any CPU
		{5E4CBB00-73A6-42DF-9718-5BC906DA5E1C}.Release|Any CPU.Build.0 = Release|Any CPU
		{CD88C2AF-0AFA-40F8-A424-087E3B7263CB}.Debug|Any CPU.ActiveCfg = Debug|Any CPU
		{CD88C2AF-0AFA-40F8-A424-087E3B7263CB}.Debug|Any CPU.Build.0 = Debug|Any CPU
		{CD88C2AF-0AFA-40F8-A424-087E3B7263CB}.Release|Any CPU.ActiveCfg = Release|Any CPU
		{CD88C2AF-0AFA-40F8-A424-087E3B7263CB}.Release|Any CPU.Build.0 = Release|Any CPU
		{B8A65C5D-D608-480E-9D18-B532B0287C4B}.Debug|Any CPU.ActiveCfg = Debug|Any CPU
		{B8A65C5D-D608-480E-9D18-B532B0287C4B}.Debug|Any CPU.Build.0 = Debug|Any CPU
		{B8A65C5D-D608-480E-9D18-B532B0287C4B}.Release|Any CPU.ActiveCfg = Release|Any CPU
		{B8A65C5D-D608-480E-9D18-B532B0287C4B}.Release|Any CPU.Build.0 = Release|Any CPU
		{7090180A-FA2D-4E8F-84CD-146F86B98FF3}.Debug|Any CPU.ActiveCfg = Debug|Any CPU
		{7090180A-FA2D-4E8F-84CD-146F86B98FF3}.Debug|Any CPU.Build.0 = Debug|Any CPU
		{7090180A-FA2D-4E8F-84CD-146F86B98FF3}.Release|Any CPU.ActiveCfg = Release|Any CPU
		{7090180A-FA2D-4E8F-84CD-146F86B98FF3}.Release|Any CPU.Build.0 = Release|Any CPU
		{C2BC1FB4-AF1A-424B-8BD1-D4C5AB35C4F2}.Debug|Any CPU.ActiveCfg = Debug|Any CPU
		{C2BC1FB4-AF1A-424B-8BD1-D4C5AB35C4F2}.Debug|Any CPU.Build.0 = Debug|Any CPU
		{C2BC1FB4-AF1A-424B-8BD1-D4C5AB35C4F2}.Release|Any CPU.ActiveCfg = Release|Any CPU
		{C2BC1FB4-AF1A-424B-8BD1-D4C5AB35C4F2}.Release|Any CPU.Build.0 = Release|Any CPU
		{4F87C336-6666-4A4C-B73D-5B60B9E09FAE}.Debug|Any CPU.ActiveCfg = Debug|Any CPU
		{4F87C336-6666-4A4C-B73D-5B60B9E09FAE}.Debug|Any CPU.Build.0 = Debug|Any CPU
		{4F87C336-6666-4A4C-B73D-5B60B9E09FAE}.Release|Any CPU.ActiveCfg = Release|Any CPU
		{4F87C336-6666-4A4C-B73D-5B60B9E09FAE}.Release|Any CPU.Build.0 = Release|Any CPU
	EndGlobalSection
EndGlobal
